
Microsoft Visual Studio Solution File, Format Version 12.00
# Visual Studio 15
VisualStudioVersion = 15.0.28307.106
MinimumVisualStudioVersion = 10.0.40219.1
Project("{FAE04EC0-301F-11D3-BF4B-00C04F79EFBC}") = "WindowsFormsApp1", "WindowsFormsApp1\WindowsFormsApp1.csproj", "{CCE57C60-C7C4-4177-B8AE-8E1BF93A2DE4}"
EndProject
Global
	GlobalSection(SolutionConfigurationPlatforms) = preSolution
		Debug|Any CPU = Debug|Any CPU
		Release|Any CPU = Release|Any CPU
	EndGlobalSection
	GlobalSection(ProjectConfigurationPlatforms) = postSolution
		{CCE57C60-C7C4-4177-B8AE-8E1BF93A2DE4}.Debug|Any CPU.ActiveCfg = Debug|Any CPU
		{CCE57C60-C7C4-4177-B8AE-8E1BF93A2DE4}.Debug|Any CPU.Build.0 = Debug|Any CPU
		{CCE57C60-C7C4-4177-B8AE-8E1BF93A2DE4}.Release|Any CPU.ActiveCfg = Release|Any CPU
		{CCE57C60-C7C4-4177-B8AE-8E1BF93A2DE4}.Release|Any CPU.Build.0 = Release|Any CPU
	EndGlobalSection
	GlobalSection(SolutionProperties) = preSolution
		HideSolutionNode = FALSE
	EndGlobalSection
	GlobalSection(ExtensibilityGlobals) = postSolution
		SolutionGuid = {68261DD7-1A32-433A-A9CE-A004159D2DA3}
	EndGlobalSection
EndGlobal
